
Microsoft Visual Studio Solution File, Format Version 12.00
# Visual Studio 15
VisualStudioVersion = 15.0.28307.572
MinimumVisualStudioVersion = 10.0.40219.1
Project("{9A19103F-16F7-4668-BE54-9A1E7A4F7556}") = "eTravel", "eTravel\eTravel.csproj", "{01FDE166-59A8-4E9C-ABF6-D0D044BC926F}"
EndProject
Project("{9A19103F-16F7-4668-BE54-9A1E7A4F7556}") = "eTravelData", "eTravelData\eTravelData.csproj", "{F75A04FA-B1F7-4438-A53B-9E1EA6A7D69A}"
EndProject
Project("{9A19103F-16F7-4668-BE54-9A1E7A4F7556}") = "eTravelServices", "eTravelServices\eTravelServices.csproj", "{B72B32A2-BD56-44F3-9BE9-325D2C132097}"
EndProject
Global
	GlobalSection(SolutionConfigurationPlatforms) = preSolution
		Debug|Any CPU = Debug|Any CPU
		Release|Any CPU = Release|Any CPU
	EndGlobalSection
	GlobalSection(ProjectConfigurationPlatforms) = postSolution
		{01FDE166-59A8-4E9C-ABF6-D0D044BC926F}.Debug|Any CPU.ActiveCfg = Debug|Any CPU
		{01FDE166-59A8-4E9C-ABF6-D0D044BC926F}.Debug|Any CPU.Build.0 = Debug|Any CPU
		{01FDE166-59A8-4E9C-ABF6-D0D044BC926F}.Release|Any CPU.ActiveCfg = Release|Any CPU
		{01FDE166-59A8-4E9C-ABF6-D0D044BC926F}.Release|Any CPU.Build.0 = Release|Any CPU
		{F75A04FA-B1F7-4438-A53B-9E1EA6A7D69A}.Debug|Any CPU.ActiveCfg = Debug|Any CPU
		{F75A04FA-B1F7-4438-A53B-9E1EA6A7D69A}.Debug|Any CPU.Build.0 = Debug|Any CPU
		{F75A04FA-B1F7-4438-A53B-9E1EA6A7D69A}.Release|Any CPU.ActiveCfg = Release|Any CPU
		{F75A04FA-B1F7-4438-A53B-9E1EA6A7D69A}.Release|Any CPU.Build.0 = Release|Any CPU
		{B72B32A2-BD56-44F3-9BE9-325D2C132097}.Debug|Any CPU.ActiveCfg = Debug|Any CPU
		{B72B32A2-BD56-44F3-9BE9-325D2C132097}.Debug|Any CPU.Build.0 = Debug|Any CPU
		{B72B32A2-BD56-44F3-9BE9-325D2C132097}.Release|Any CPU.ActiveCfg = Release|Any CPU
		{B72B32A2-BD56-44F3-9BE9-325D2C132097}.Release|Any CPU.Build.0 = Release|Any CPU
	EndGlobalSection
	GlobalSection(SolutionProperties) = preSolution
		HideSolutionNode = FALSE
	EndGlobalSection
	GlobalSection(ExtensibilityGlobals) = postSolution
		SolutionGuid = {4F70F330-8369-4D97-AC75-95842408A9AF}
	EndGlobalSection
EndGlobal
