
Microsoft Visual Studio Solution File, Format Version 12.00
# Visual Studio 15
VisualStudioVersion = 15.0.28307.572
MinimumVisualStudioVersion = 10.0.40219.1
Project("{FAE04EC0-301F-11D3-BF4B-00C04F79EFBC}") = "eTravel", "eTravel\eTravel.csproj", "{01FDE166-59A8-4E9C-ABF6-D0D044BC926F}"
EndProject
Global
	GlobalSection(SolutionConfigurationPlatforms) = preSolution
		Debug|Any CPU = Debug|Any CPU
		Release|Any CPU = Release|Any CPU
	EndGlobalSection
	GlobalSection(ProjectConfigurationPlatforms) = postSolution
		{01FDE166-59A8-4E9C-ABF6-D0D044BC926F}.Debug|Any CPU.ActiveCfg = Debug|Any CPU
		{01FDE166-59A8-4E9C-ABF6-D0D044BC926F}.Debug|Any CPU.Build.0 = Debug|Any CPU
		{01FDE166-59A8-4E9C-ABF6-D0D044BC926F}.Release|Any CPU.ActiveCfg = Release|Any CPU
		{01FDE166-59A8-4E9C-ABF6-D0D044BC926F}.Release|Any CPU.Build.0 = Release|Any CPU
	EndGlobalSection
	GlobalSection(SolutionProperties) = preSolution
		HideSolutionNode = FALSE
	EndGlobalSection
	GlobalSection(ExtensibilityGlobals) = postSolution
		SolutionGuid = {4F70F330-8369-4D97-AC75-95842408A9AF}
	EndGlobalSection
EndGlobal
